github.com/petethepig/netstack v0.0.0-20171026205909-b4b77f7e31f6 h1:RGcN+UsohL7hvDFXNgG+Vg51nxsHmYNWk41ovrLBRUA=
github.com/petethepig/netstack v0.0.0-20171026205909-b4b77f7e31f6/go.mod h1:Im0X2WdbjzWAGJCRbWrPqhn7gOiHuGT7maskWk0eVjQ=
golang.org/x/mobile v0.0.0-20180808221059-bceb7ef27cc6 h1:6CMA7r/oXEuNb8XLb4kpqXJ0o0eqwa9Agi9eZ5O533M=
golang.org/x/mobile v0.0.0-20180808221059-bceb7ef27cc6/go.mod h1:z+o9i4GpDbdi3rU15maQ/Ox0txvL9dWGYEHz965HBQE=
